// !$*UTF8*$!
{
	archiveVersion = 1;
	classes = {
	};
	objectVersion = 46;
	objects = {

/* Begin PBXBuildFile section */
		CA5A74571DC00EAE00B98C82 /* main.m in Sources */ = {isa = PBXBuildFile; fileRef = CA5A74561DC00EAE00B98C82 /* main.m */; };
		CA5A745A1DC00EAE00B98C82 /* AppDelegate.m in Sources */ = {isa = PBXBuildFile; fileRef = CA5A74591DC00EAE00B98C82 /* AppDelegate.m */; };
		CA5A74601DC00EAE00B98C82 /* Main.storyboard in Resources */ = {isa = PBXBuildFile; fileRef = CA5A745E1DC00EAE00B98C82 /* Main.storyboard */; };
		CA5A74621DC00EAE00B98C82 /* Assets.xcassets in Resources */ = {isa = PBXBuildFile; fileRef = CA5A74611DC00EAE00B98C82 /* Assets.xcassets */; };
		CA5A74651DC00EAE00B98C82 /* LaunchScreen.storyboard in Resources */ = {isa = PBXBuildFile; fileRef = CA5A74631DC00EAE00B98C82 /* LaunchScreen.storyboard */; };
		CA5A74711DC00FC500B98C82 /* ItemsViewController.m in Sources */ = {isa = PBXBuildFile; fileRef = CA5A74701DC00FC500B98C82 /* ItemsViewController.m */; };
		CA5A74741DC0105200B98C82 /* Item.m in Sources */ = {isa = PBXBuildFile; fileRef = CA5A74731DC0105200B98C82 /* Item.m */; };
		CA5A74771DC0165E00B98C82 /* ItemStore.m in Sources */ = {isa = PBXBuildFile; fileRef = CA5A74761DC0165E00B98C82 /* ItemStore.m */; };
/* End PBXBuildFile section */

/* Begin PBXFileReference section */
		CA5A74521DC00EAE00B98C82 /* Homepwner.app */ = {isa = PBXFileReference; explicitFileType = wrapper.application; includeInIndex = 0; path = Homepwner.app; sourceTree = BUILT_PRODUCTS_DIR; };
		CA5A74561DC00EAE00B98C82 /* main.m */ = {isa = PBXFileReference; lastKnownFileType = sourcecode.c.objc; path = main.m; sourceTree = "<group>"; };
		CA5A74581DC00EAE00B98C82 /* AppDelegate.h */ = {isa = PBXFileReference; lastKnownFileType = sourcecode.c.h; path = AppDelegate.h; sourceTree = "<group>"; };
		CA5A74591DC00EAE00B98C82 /* AppDelegate.m */ = {isa = PBXFileReference; lastKnownFileType = sourcecode.c.objc; path = AppDelegate.m; sourceTree = "<group>"; };
		CA5A745F1DC00EAE00B98C82 /* Base */ = {isa = PBXFileReference; lastKnownFileType = file.storyboard; name = Base; path = Base.lproj/Main.storyboard; sourceTree = "<group>"; };
		CA5A74611DC00EAE00B98C82 /* Assets.xcassets */ = {isa = PBXFileReference; lastKnownFileType = folder.assetcatalog; path = Assets.xcassets; sourceTree = "<group>"; };
		CA5A74641DC00EAE00B98C82 /* Base */ = {isa = PBXFileReference; lastKnownFileType = file.storyboard; name = Base; path = Base.lproj/LaunchScreen.storyboard; sourceTree = "<group>"; };
		CA5A74661DC00EAE00B98C82 /* Info.plist */ = {isa = PBXFileReference; lastKnownFileType = text.plist.xml; path = Info.plist; sourceTree = "<group>"; };
		CA5A746F1DC00FC500B98C82 /* ItemsViewController.h */ = {isa = PBXFileReference; fileEncoding = 4; lastKnownFileType = sourcecode.c.h; path = ItemsViewController.h; sourceTree = "<group>"; };
		CA5A74701DC00FC500B98C82 /* ItemsViewController.m */ = {isa = PBXFileReference; fileEncoding = 4; lastKnownFileType = sourcecode.c.objc; path = ItemsViewController.m; sourceTree = "<group>"; };
		CA5A74721DC0105200B98C82 /* Item.h */ = {isa = PBXFileReference; fileEncoding = 4; lastKnownFileType = sourcecode.c.h; path = Item.h; sourceTree = "<group>"; };
		CA5A74731DC0105200B98C82 /* Item.m */ = {isa = PBXFileReference; fileEncoding = 4; lastKnownFileType = sourcecode.c.objc; path = Item.m; sourceTree = "<group>"; };
		CA5A74751DC0165E00B98C82 /* ItemStore.h */ = {isa = PBXFileReference; fileEncoding = 4; lastKnownFileType = sourcecode.c.h; path = ItemStore.h; sourceTree = "<group>"; };
		CA5A74761DC0165E00B98C82 /* ItemStore.m */ = {isa = PBXFileReference; fileEncoding = 4; lastKnownFileType = sourcecode.c.objc; path = ItemStore.m; sourceTree = "<group>"; };
/* End PBXFileReference section */

/* Begin PBXFrameworksBuildPhase section */
		CA5A744F1DC00EAE00B98C82 /* Frameworks */ = {
			isa = PBXFrameworksBuildPhase;
			buildActionMask = 2147483647;
			files = (
			);
			runOnlyForDeploymentPostprocessing = 0;
		};
/* End PBXFrameworksBuildPhase section */

/* Begin PBXGroup section */
		CA5A74491DC00EAE00B98C82 = {
			isa = PBXGroup;
			children = (
				CA5A74541DC00EAE00B98C82 /* Homepwner */,
				CA5A74531DC00EAE00B98C82 /* Products */,
			);
			sourceTree = "<group>";
		};
		CA5A74531DC00EAE00B98C82 /* Products */ = {
			isa = PBXGroup;
			children = (
				CA5A74521DC00EAE00B98C82 /* Homepwner.app */,
			);
			name = Products;
			sourceTree = "<group>";
		};
		CA5A74541DC00EAE00B98C82 /* Homepwner */ = {
			isa = PBXGroup;
			children = (
				CA5A746F1DC00FC500B98C82 /* ItemsViewController.h */,
				CA5A74701DC00FC500B98C82 /* ItemsViewController.m */,
				CA5A74581DC00EAE00B98C82 /* AppDelegate.h */,
				CA5A74591DC00EAE00B98C82 /* AppDelegate.m */,
				CA5A745E1DC00EAE00B98C82 /* Main.storyboard */,
				CA5A74721DC0105200B98C82 /* Item.h */,
				CA5A74731DC0105200B98C82 /* Item.m */,
				CA5A74611DC00EAE00B98C82 /* Assets.xcassets */,
				CA5A74631DC00EAE00B98C82 /* LaunchScreen.storyboard */,
				CA5A74661DC00EAE00B98C82 /* Info.plist */,
				CA5A74551DC00EAE00B98C82 /* Supporting Files */,
				CA5A74751DC0165E00B98C82 /* ItemStore.h */,
				CA5A74761DC0165E00B98C82 /* ItemStore.m */,
			);
			path = Homepwner;
			sourceTree = "<group>";
		};
		CA5A74551DC00EAE00B98C82 /* Supporting Files */ = {
			isa = PBXGroup;
			children = (
				CA5A74561DC00EAE00B98C82 /* main.m */,
			);
			name = "Supporting Files";
			sourceTree = "<group>";
		};
/* End PBXGroup section */

/* Begin PBXNativeTarget section */
		CA5A74511DC00EAE00B98C82 /* Homepwner */ = {
			isa = PBXNativeTarget;
			buildConfigurationList = CA5A74691DC00EAE00B98C82 /* Build configuration list for PBXNativeTarget "Homepwner" */;
			buildPhases = (
				CA5A744E1DC00EAE00B98C82 /* Sources */,
				CA5A744F1DC00EAE00B98C82 /* Frameworks */,
				CA5A74501DC00EAE00B98C82 /* Resources */,
			);
			buildRules = (
			);
			dependencies = (
			);
			name = Homepwner;
			productName = Homepwner;
			productReference = CA5A74521DC00EAE00B98C82 /* Homepwner.app */;
			productType = "com.apple.product-type.application";
		};
/* End PBXNativeTarget section */

/* Begin PBXProject section */
		CA5A744A1DC00EAE00B98C82 /* Project object */ = {
			isa = PBXProject;
			attributes = {
				LastUpgradeCheck = 0800;
				ORGANIZATIONNAME = "Ye Tian";
				TargetAttributes = {
					CA5A74511DC00EAE00B98C82 = {
						CreatedOnToolsVersion = 8.0;
						ProvisioningStyle = Automatic;
					};
				};
			};
			buildConfigurationList = CA5A744D1DC00EAE00B98C82 /* Build configuration list for PBXProject "Homepwner" */;
			compatibilityVersion = "Xcode 3.2";
			developmentRegion = English;
			hasScannedForEncodings = 0;
			knownRegions = (
				en,
				Base,
			);
			mainGroup = CA5A74491DC00EAE00B98C82;
			productRefGroup = CA5A74531DC00EAE00B98C82 /* Products */;
			projectDirPath = "";
			projectRoot = "";
			targets = (
				CA5A74511DC00EAE00B98C82 /* Homepwner */,
			);
		};
/* End PBXProject section */

/* Begin PBXResourcesBuildPhase section */
		CA5A74501DC00EAE00B98C82 /* Resources */ = {
			isa = PBXResourcesBuildPhase;
			buildActionMask = 2147483647;
			files = (
				CA5A74651DC00EAE00B98C82 /* LaunchScreen.storyboard in Resources */,
				CA5A74621DC00EAE00B98C82 /* Assets.xcassets in Resources */,
				CA5A74601DC00EAE00B98C82 /* Main.storyboard in Resources */,
			);
			runOnlyForDeploymentPostprocessing = 0;
		};
/* End PBXResourcesBuildPhase section */

/* Begin PBXSourcesBuildPhase section */
		CA5A744E1DC00EAE00B98C82 /* Sources */ = {
			isa = PBXSourcesBuildPhase;
			buildActionMask = 2147483647;
			files = (
				CA5A74741DC0105200B98C82 /* Item.m in Sources */,
				CA5A74711DC00FC500B98C82 /* ItemsViewController.m in Sources */,
				CA5A745A1DC00EAE00B98C82 /* AppDelegate.m in Sources */,
				CA5A74571DC00EAE00B98C82 /* main.m in Sources */,
				CA5A74771DC0165E00B98C82 /* ItemStore.m in Sources */,
			);
			runOnlyForDeploymentPostprocessing = 0;
		};
/* End PBXSourcesBuildPhase section */

/* Begin PBXVariantGroup section */
		CA5A745E1DC00EAE00B98C82 /* Main.storyboard */ = {
			isa = PBXVariantGroup;
			children = (
				CA5A745F1DC00EAE00B98C82 /* Base */,
			);
			name = Main.storyboard;
			sourceTree = "<group>";
		};
		CA5A74631DC00EAE00B98C82 /* LaunchScreen.storyboard */ = {
			isa = PBXVariantGroup;
			children = (
				CA5A74641DC00EAE00B98C82 /* Base */,
			);
			name = LaunchScreen.storyboard;
			sourceTree = "<group>";
		};
/* End PBXVariantGroup section */

/* Begin XCBuildConfiguration section */
		CA5A74671DC00EAE00B98C82 /* Debug */ = {
			isa = XCBuildConfiguration;
			buildSettings = {
				ALWAYS_SEARCH_USER_PATHS = NO;
				CLANG_ANALYZER_NONNULL = YES;
				CLANG_CXX_LANGUAGE_STANDARD = "gnu++0x";
				CLANG_CXX_LIBRARY = "libc++";
				CLANG_ENABLE_MODULES = YES;
				CLANG_ENABLE_OBJC_ARC = YES;
				CLANG_WARN_BOOL_CONVERSION = YES;
				CLANG_WARN_CONSTANT_CONVERSION = YES;
				CLANG_WARN_DIRECT_OBJC_ISA_USAGE = YES_ERROR;
				CLANG_WARN_DOCUMENTATION_COMMENTS = YES;
				CLANG_WARN_EMPTY_BODY = YES;
				CLANG_WARN_ENUM_CONVERSION = YES;
				CLANG_WARN_INFINITE_RECURSION = YES;
				CLANG_WARN_INT_CONVERSION = YES;
				CLANG_WARN_OBJC_ROOT_CLASS = YES_ERROR;
				CLANG_WARN_SUSPICIOUS_MOVES = YES;
				CLANG_WARN_UNREACHABLE_CODE = YES;
				CLANG_WARN__DUPLICATE_METHOD_MATCH = YES;
				"CODE_SIGN_IDENTITY[sdk=iphoneos*]" = "iPhone Developer";
				COPY_PHASE_STRIP = NO;
				DEBUG_INFORMATION_FORMAT = dwarf;
				ENABLE_STRICT_OBJC_MSGSEND = YES;
				ENABLE_TESTABILITY = YES;
				GCC_C_LANGUAGE_STANDARD = gnu99;
				GCC_DYNAMIC_NO_PIC = NO;
				GCC_NO_COMMON_BLOCKS = YES;
				GCC_OPTIMIZATION_LEVEL = 0;
				GCC_PREPROCESSOR_DEFINITIONS = (
					"DEBUG=1",
					"$(inherited)",
				);
				GCC_WARN_64_TO_32_BIT_CONVERSION = YES;
				GCC_WARN_ABOUT_RETURN_TYPE = YES_ERROR;
				GCC_WARN_UNDECLARED_SELECTOR = YES;
				GCC_WARN_UNINITIALIZED_AUTOS = YES_AGGRESSIVE;
				GCC_WARN_UNUSED_FUNCTION = YES;
				GCC_WARN_UNUSED_VARIABLE = YES;
				IPHONEOS_DEPLOYMENT_TARGET = 10.0;
				MTL_ENABLE_DEBUG_INFO = YES;
				ONLY_ACTIVE_ARCH = YES;
				SDKROOT = iphoneos;
				TARGETED_DEVICE_FAMILY = "1,2";
			};
			name = Debug;
		};
		CA5A74681DC00EAE00B98C82 /* Release */ = {
			isa = XCBuildConfiguration;
			buildSettings = {
				ALWAYS_SEARCH_USER_PATHS = NO;
				CLANG_ANALYZER_NONNULL = YES;
				CLANG_CXX_LANGUAGE_STANDARD = "gnu++0x";
				CLANG_CXX_LIBRARY = "libc++";
				CLANG_ENABLE_MODULES = YES;
				CLANG_ENABLE_OBJC_ARC = YES;
				CLANG_WARN_BOOL_CONVERSION = YES;
				CLANG_WARN_CONSTANT_CONVERSION = YES;
				CLANG_WARN_DIRECT_OBJC_ISA_USAGE = YES_ERROR;
				CLANG_WARN_DOCUMENTATION_COMMENTS = YES;
				CLANG_WARN_EMPTY_BODY = YES;
				CLANG_WARN_ENUM_CONVERSION = YES;
				CLANG_WARN_INFINITE_RECURSION = YES;
				CLANG_WARN_INT_CONVERSION = YES;
				CLANG_WARN_OBJC_ROOT_CLASS = YES_ERROR;
				CLANG_WARN_SUSPICIOUS_MOVES = YES;
				CLANG_WARN_UNREACHABLE_CODE = YES;
				CLANG_WARN__DUPLICATE_METHOD_MATCH = YES;
				"CODE_SIGN_IDENTITY[sdk=iphoneos*]" = "iPhone Developer";
				COPY_PHASE_STRIP = NO;
				DEBUG_INFORMATION_FORMAT = "dwarf-with-dsym";
				ENABLE_NS_ASSERTIONS = NO;
				ENABLE_STRICT_OBJC_MSGSEND = YES;
				GCC_C_LANGUAGE_STANDARD = gnu99;
				GCC_NO_COMMON_BLOCKS = YES;
				GCC_WARN_64_TO_32_BIT_CONVERSION = YES;
				GCC_WARN_ABOUT_RETURN_TYPE = YES_ERROR;
				GCC_WARN_UNDECLARED_SELECTOR = YES;
				GCC_WARN_UNINITIALIZED_AUTOS = YES_AGGRESSIVE;
				GCC_WARN_UNUSED_FUNCTION = YES;
				GCC_WARN_UNUSED_VARIABLE = YES;
				IPHONEOS_DEPLOYMENT_TARGET = 10.0;
				MTL_ENABLE_DEBUG_INFO = NO;
				SDKROOT = iphoneos;
				TARGETED_DEVICE_FAMILY = "1,2";
				VALIDATE_PRODUCT = YES;
			};
			name = Release;
		};
		CA5A746A1DC00EAE00B98C82 /* Debug */ = {
			isa = XCBuildConfiguration;
			buildSettings = {
				ASSETCATALOG_COMPILER_APPICON_NAME = AppIcon;
				INFOPLIST_FILE = Homepwner/Info.plist;
				LD_RUNPATH_SEARCH_PATHS = "$(inherited) @executable_path/Frameworks";
				PRODUCT_BUNDLE_IDENTIFIER = io.github.tianyeblck.Homepwner;
				PRODUCT_NAME = "$(TARGET_NAME)";
			};
			name = Debug;
		};
		CA5A746B1DC00EAE00B98C82 /* Release */ = {
			isa = XCBuildConfiguration;
			buildSettings = {
				ASSETCATALOG_COMPILER_APPICON_NAME = AppIcon;
				INFOPLIST_FILE = Homepwner/Info.plist;
				LD_RUNPATH_SEARCH_PATHS = "$(inherited) @executable_path/Frameworks";
				PRODUCT_BUNDLE_IDENTIFIER = io.github.tianyeblck.Homepwner;
				PRODUCT_NAME = "$(TARGET_NAME)";
			};
			name = Release;
		};
/* End XCBuildConfiguration section */

/* Begin XCConfigurationList section */
		CA5A744D1DC00EAE00B98C82 /* Build configuration list for PBXProject "Homepwner" */ = {
			isa = XCConfigurationList;
			buildConfigurations = (
				CA5A74671DC00EAE00B98C82 /* Debug */,
				CA5A74681DC00EAE00B98C82 /* Release */,
			);
			defaultConfigurationIsVisible = 0;
			defaultConfigurationName = Release;
		};
		CA5A74691DC00EAE00B98C82 /* Build configuration list for PBXNativeTarget "Homepwner" */ = {
			isa = XCConfigurationList;
			buildConfigurations = (
				CA5A746A1DC00EAE00B98C82 /* Debug */,
				CA5A746B1DC00EAE00B98C82 /* Release */,
			);
			defaultConfigurationIsVisible = 0;
		};
/* End XCConfigurationList section */
	};
	rootObject = CA5A744A1DC00EAE00B98C82 /* Project object */;
}
